
Microsoft Visual Studio Solution File, Format Version 12.00
# Visual Studio Version 17
VisualStudioVersion = 17.9.34728.123
MinimumVisualStudioVersion = 10.0.40219.1
Project("{FAE04EC0-301F-11D3-BF4B-00C04F79EFBC}") = "GotchaApi", "GotchaApi.csproj", "{9363BC17-10DD-4EE2-8AA4-B29F7BC37E19}"
EndProject
Global
	GlobalSection(SolutionConfigurationPlatforms) = preSolution
		Debug|Any CPU = Debug|Any CPU
		Release|Any CPU = Release|Any CPU
	EndGlobalSection
	GlobalSection(ProjectConfigurationPlatforms) = postSolution
		{9363BC17-10DD-4EE2-8AA4-B29F7BC37E19}.Debug|Any CPU.ActiveCfg = Debug|Any CPU
		{9363BC17-10DD-4EE2-8AA4-B29F7BC37E19}.Debug|Any CPU.Build.0 = Debug|Any CPU
		{9363BC17-10DD-4EE2-8AA4-B29F7BC37E19}.Release|Any CPU.ActiveCfg = Release|Any CPU
		{9363BC17-10DD-4EE2-8AA4-B29F7BC37E19}.Release|Any CPU.Build.0 = Release|Any CPU
	EndGlobalSection
	GlobalSection(SolutionProperties) = preSolution
		HideSolutionNode = FALSE
	EndGlobalSection
	GlobalSection(ExtensibilityGlobals) = postSolution
		SolutionGuid = {D06AB29D-4766-46A7-814E-C2A811413041}
	EndGlobalSection
EndGlobal
